
Microsoft Visual Studio Solution File, Format Version 12.00
# Visual Studio Version 17
VisualStudioVersion = 17.0.31903.59
MinimumVisualStudioVersion = 10.0.40219.1
Project("{FAE04EC0-301F-11D3-BF4B-00C04F79EFBC}") = "API", "API\API.csproj", "{D80EB8D3-7236-4BB2-93C4-B998A54FBE7E}"
EndProject
Project("{FAE04EC0-301F-11D3-BF4B-00C04F79EFBC}") = "Application", "Application\Application.csproj", "{8D97CA5F-A266-45F9-BF26-E3D9FC7F68EA}"
EndProject
Project("{FAE04EC0-301F-11D3-BF4B-00C04F79EFBC}") = "Persistence", "Persistence\Persistence.csproj", "{16C706FF-D9F5-479D-A77B-B34BB5D37B60}"
EndProject
Project("{FAE04EC0-301F-11D3-BF4B-00C04F79EFBC}") = "Domain", "Domain\Domain.csproj", "{FE66DACB-BF17-4B23-95B2-46A35130A804}"
EndProject
Global
	GlobalSection(SolutionConfigurationPlatforms) = preSolution
		Debug|Any CPU = Debug|Any CPU
		Release|Any CPU = Release|Any CPU
	EndGlobalSection
	GlobalSection(SolutionProperties) = preSolution
		HideSolutionNode = FALSE
	EndGlobalSection
	GlobalSection(ProjectConfigurationPlatforms) = postSolution
		{D80EB8D3-7236-4BB2-93C4-B998A54FBE7E}.Debug|Any CPU.ActiveCfg = Debug|Any CPU
		{D80EB8D3-7236-4BB2-93C4-B998A54FBE7E}.Debug|Any CPU.Build.0 = Debug|Any CPU
		{D80EB8D3-7236-4BB2-93C4-B998A54FBE7E}.Release|Any CPU.ActiveCfg = Release|Any CPU
		{D80EB8D3-7236-4BB2-93C4-B998A54FBE7E}.Release|Any CPU.Build.0 = Release|Any CPU
		{8D97CA5F-A266-45F9-BF26-E3D9FC7F68EA}.Debug|Any CPU.ActiveCfg = Debug|Any CPU
		{8D97CA5F-A266-45F9-BF26-E3D9FC7F68EA}.Debug|Any CPU.Build.0 = Debug|Any CPU
		{8D97CA5F-A266-45F9-BF26-E3D9FC7F68EA}.Release|Any CPU.ActiveCfg = Release|Any CPU
		{8D97CA5F-A266-45F9-BF26-E3D9FC7F68EA}.Release|Any CPU.Build.0 = Release|Any CPU
		{16C706FF-D9F5-479D-A77B-B34BB5D37B60}.Debug|Any CPU.ActiveCfg = Debug|Any CPU
		{16C706FF-D9F5-479D-A77B-B34BB5D37B60}.Debug|Any CPU.Build.0 = Debug|Any CPU
		{16C706FF-D9F5-479D-A77B-B34BB5D37B60}.Release|Any CPU.ActiveCfg = Release|Any CPU
		{16C706FF-D9F5-479D-A77B-B34BB5D37B60}.Release|Any CPU.Build.0 = Release|Any CPU
		{FE66DACB-BF17-4B23-95B2-46A35130A804}.Debug|Any CPU.ActiveCfg = Debug|Any CPU
		{FE66DACB-BF17-4B23-95B2-46A35130A804}.Debug|Any CPU.Build.0 = Debug|Any CPU
		{FE66DACB-BF17-4B23-95B2-46A35130A804}.Release|Any CPU.ActiveCfg = Release|Any CPU
		{FE66DACB-BF17-4B23-95B2-46A35130A804}.Release|Any CPU.Build.0 = Release|Any CPU
	EndGlobalSection
EndGlobal
